// !$*UTF8*$!
{
	archiveVersion = 1;
	classes = {
	};
	objectVersion = 50;
	objects = {

/* Begin PBXBuildFile section */
		9B03312C23C7C193006E3569 /* AppDelegate.swift in Sources */ = {isa = PBXBuildFile; fileRef = 9B03312B23C7C193006E3569 /* AppDelegate.swift */; };
		9B03312E23C7C193006E3569 /* SceneDelegate.swift in Sources */ = {isa = PBXBuildFile; fileRef = 9B03312D23C7C193006E3569 /* SceneDelegate.swift */; };
		9B03313023C7C193006E3569 /* ViewController.swift in Sources */ = {isa = PBXBuildFile; fileRef = 9B03312F23C7C193006E3569 /* ViewController.swift */; };
		9B03313323C7C193006E3569 /* Main.storyboard in Resources */ = {isa = PBXBuildFile; fileRef = 9B03313123C7C193006E3569 /* Main.storyboard */; };
		9B03313523C7C193006E3569 /* Assets.xcassets in Resources */ = {isa = PBXBuildFile; fileRef = 9B03313423C7C193006E3569 /* Assets.xcassets */; };
		9B03313823C7C193006E3569 /* LaunchScreen.storyboard in Resources */ = {isa = PBXBuildFile; fileRef = 9B03313623C7C193006E3569 /* LaunchScreen.storyboard */; };
		9B03314323C7C193006E3569 /* Map_DemoTests.swift in Sources */ = {isa = PBXBuildFile; fileRef = 9B03314223C7C193006E3569 /* Map_DemoTests.swift */; };
		9B03314E23C7C194006E3569 /* Map_DemoUITests.swift in Sources */ = {isa = PBXBuildFile; fileRef = 9B03314D23C7C194006E3569 /* Map_DemoUITests.swift */; };
/* End PBXBuildFile section */

/* Begin PBXContainerItemProxy section */
		9B03313F23C7C193006E3569 /* PBXContainerItemProxy */ = {
			isa = PBXContainerItemProxy;
			containerPortal = 9B03312023C7C193006E3569 /* Project object */;
			proxyType = 1;
			remoteGlobalIDString = 9B03312723C7C193006E3569;
			remoteInfo = "Map Demo";
		};
		9B03314A23C7C194006E3569 /* PBXContainerItemProxy */ = {
			isa = PBXContainerItemProxy;
			containerPortal = 9B03312023C7C193006E3569 /* Project object */;
			proxyType = 1;
			remoteGlobalIDString = 9B03312723C7C193006E3569;
			remoteInfo = "Map Demo";
		};
/* End PBXContainerItemProxy section */

/* Begin PBXFileReference section */
		9B03312823C7C193006E3569 /* Map Demo.app */ = {isa = PBXFileReference; explicitFileType = wrapper.application; includeInIndex = 0; path = "Map Demo.app"; sourceTree = BUILT_PRODUCTS_DIR; };
		9B03312B23C7C193006E3569 /* AppDelegate.swift */ = {isa = PBXFileReference; lastKnownFileType = sourcecode.swift; path = AppDelegate.swift; sourceTree = "<group>"; };
		9B03312D23C7C193006E3569 /* SceneDelegate.swift */ = {isa = PBXFileReference; lastKnownFileType = sourcecode.swift; path = SceneDelegate.swift; sourceTree = "<group>"; };
		9B03312F23C7C193006E3569 /* ViewController.swift */ = {isa = PBXFileReference; lastKnownFileType = sourcecode.swift; path = ViewController.swift; sourceTree = "<group>"; };
		9B03313223C7C193006E3569 /* Base */ = {isa = PBXFileReference; lastKnownFileType = file.storyboard; name = Base; path = Base.lproj/Main.storyboard; sourceTree = "<group>"; };
		9B03313423C7C193006E3569 /* Assets.xcassets */ = {isa = PBXFileReference; lastKnownFileType = folder.assetcatalog; path = Assets.xcassets; sourceTree = "<group>"; };
		9B03313723C7C193006E3569 /* Base */ = {isa = PBXFileReference; lastKnownFileType = file.storyboard; name = Base; path = Base.lproj/LaunchScreen.storyboard; sourceTree = "<group>"; };
		9B03313923C7C193006E3569 /* Info.plist */ = {isa = PBXFileReference; lastKnownFileType = text.plist.xml; path = Info.plist; sourceTree = "<group>"; };
		9B03313E23C7C193006E3569 /* Map DemoTests.xctest */ = {isa = PBXFileReference; explicitFileType = wrapper.cfbundle; includeInIndex = 0; path = "Map DemoTests.xctest"; sourceTree = BUILT_PRODUCTS_DIR; };
		9B03314223C7C193006E3569 /* Map_DemoTests.swift */ = {isa = PBXFileReference; lastKnownFileType = sourcecode.swift; path = Map_DemoTests.swift; sourceTree = "<group>"; };
		9B03314423C7C193006E3569 /* Info.plist */ = {isa = PBXFileReference; lastKnownFileType = text.plist.xml; path = Info.plist; sourceTree = "<group>"; };
		9B03314923C7C194006E3569 /* Map DemoUITests.xctest */ = {isa = PBXFileReference; explicitFileType = wrapper.cfbundle; includeInIndex = 0; path = "Map DemoUITests.xctest"; sourceTree = BUILT_PRODUCTS_DIR; };
		9B03314D23C7C194006E3569 /* Map_DemoUITests.swift */ = {isa = PBXFileReference; lastKnownFileType = sourcecode.swift; path = Map_DemoUITests.swift; sourceTree = "<group>"; };
		9B03314F23C7C194006E3569 /* Info.plist */ = {isa = PBXFileReference; lastKnownFileType = text.plist.xml; path = Info.plist; sourceTree = "<group>"; };
/* End PBXFileReference section */

/* Begin PBXFrameworksBuildPhase section */
		9B03312523C7C193006E3569 /* Frameworks */ = {
			isa = PBXFrameworksBuildPhase;
			buildActionMask = 2147483647;
			files = (
			);
			runOnlyForDeploymentPostprocessing = 0;
		};
		9B03313B23C7C193006E3569 /* Frameworks */ = {
			isa = PBXFrameworksBuildPhase;
			buildActionMask = 2147483647;
			files = (
			);
			runOnlyForDeploymentPostprocessing = 0;
		};
		9B03314623C7C194006E3569 /* Frameworks */ = {
			isa = PBXFrameworksBuildPhase;
			buildActionMask = 2147483647;
			files = (
			);
			runOnlyForDeploymentPostprocessing = 0;
		};
/* End PBXFrameworksBuildPhase section */

/* Begin PBXGroup section */
		9B03311F23C7C193006E3569 = {
			isa = PBXGroup;
			children = (
				9B03312A23C7C193006E3569 /* Map Demo */,
				9B03314123C7C193006E3569 /* Map DemoTests */,
				9B03314C23C7C194006E3569 /* Map DemoUITests */,
				9B03312923C7C193006E3569 /* Products */,
			);
			sourceTree = "<group>";
		};
		9B03312923C7C193006E3569 /* Products */ = {
			isa = PBXGroup;
			children = (
				9B03312823C7C193006E3569 /* Map Demo.app */,
				9B03313E23C7C193006E3569 /* Map DemoTests.xctest */,
				9B03314923C7C194006E3569 /* Map DemoUITests.xctest */,
			);
			name = Products;
			sourceTree = "<group>";
		};
		9B03312A23C7C193006E3569 /* Map Demo */ = {
			isa = PBXGroup;
			children = (
				9B03312B23C7C193006E3569 /* AppDelegate.swift */,
				9B03312D23C7C193006E3569 /* SceneDelegate.swift */,
				9B03312F23C7C193006E3569 /* ViewController.swift */,
				9B03313123C7C193006E3569 /* Main.storyboard */,
				9B03313423C7C193006E3569 /* Assets.xcassets */,
				9B03313623C7C193006E3569 /* LaunchScreen.storyboard */,
				9B03313923C7C193006E3569 /* Info.plist */,
			);
			path = "Map Demo";
			sourceTree = "<group>";
		};
		9B03314123C7C193006E3569 /* Map DemoTests */ = {
			isa = PBXGroup;
			children = (
				9B03314223C7C193006E3569 /* Map_DemoTests.swift */,
				9B03314423C7C193006E3569 /* Info.plist */,
			);
			path = "Map DemoTests";
			sourceTree = "<group>";
		};
		9B03314C23C7C194006E3569 /* Map DemoUITests */ = {
			isa = PBXGroup;
			children = (
				9B03314D23C7C194006E3569 /* Map_DemoUITests.swift */,
				9B03314F23C7C194006E3569 /* Info.plist */,
			);
			path = "Map DemoUITests";
			sourceTree = "<group>";
		};
/* End PBXGroup section */

/* Begin PBXNativeTarget section */
		9B03312723C7C193006E3569 /* Map Demo */ = {
			isa = PBXNativeTarget;
			buildConfigurationList = 9B03315223C7C194006E3569 /* Build configuration list for PBXNativeTarget "Map Demo" */;
			buildPhases = (
				9B03312423C7C193006E3569 /* Sources */,
				9B03312523C7C193006E3569 /* Frameworks */,
				9B03312623C7C193006E3569 /* Resources */,
			);
			buildRules = (
			);
			dependencies = (
			);
			name = "Map Demo";
			productName = "Map Demo";
			productReference = 9B03312823C7C193006E3569 /* Map Demo.app */;
			productType = "com.apple.product-type.application";
		};
		9B03313D23C7C193006E3569 /* Map DemoTests */ = {
			isa = PBXNativeTarget;
			buildConfigurationList = 9B03315523C7C194006E3569 /* Build configuration list for PBXNativeTarget "Map DemoTests" */;
			buildPhases = (
				9B03313A23C7C193006E3569 /* Sources */,
				9B03313B23C7C193006E3569 /* Frameworks */,
				9B03313C23C7C193006E3569 /* Resources */,
			);
			buildRules = (
			);
			dependencies = (
				9B03314023C7C193006E3569 /* PBXTargetDependency */,
			);
			name = "Map DemoTests";
			productName = "Map DemoTests";
			productReference = 9B03313E23C7C193006E3569 /* Map DemoTests.xctest */;
			productType = "com.apple.product-type.bundle.unit-test";
		};
		9B03314823C7C194006E3569 /* Map DemoUITests */ = {
			isa = PBXNativeTarget;
			buildConfigurationList = 9B03315823C7C194006E3569 /* Build configuration list for PBXNativeTarget "Map DemoUITests" */;
			buildPhases = (
				9B03314523C7C194006E3569 /* Sources */,
				9B03314623C7C194006E3569 /* Frameworks */,
				9B03314723C7C194006E3569 /* Resources */,
			);
			buildRules = (
			);
			dependencies = (
				9B03314B23C7C194006E3569 /* PBXTargetDependency */,
			);
			name = "Map DemoUITests";
			productName = "Map DemoUITests";
			productReference = 9B03314923C7C194006E3569 /* Map DemoUITests.xctest */;
			productType = "com.apple.product-type.bundle.ui-testing";
		};
/* End PBXNativeTarget section */

/* Begin PBXProject section */
		9B03312023C7C193006E3569 /* Project object */ = {
			isa = PBXProject;
			attributes = {
				LastSwiftUpdateCheck = 1130;
				LastUpgradeCheck = 1130;
				ORGANIZATIONNAME = MacStudent;
				TargetAttributes = {
					9B03312723C7C193006E3569 = {
						CreatedOnToolsVersion = 11.3;
					};
					9B03313D23C7C193006E3569 = {
						CreatedOnToolsVersion = 11.3;
						TestTargetID = 9B03312723C7C193006E3569;
					};
					9B03314823C7C194006E3569 = {
						CreatedOnToolsVersion = 11.3;
						TestTargetID = 9B03312723C7C193006E3569;
					};
				};
			};
			buildConfigurationList = 9B03312323C7C193006E3569 /* Build configuration list for PBXProject "Map Demo" */;
			compatibilityVersion = "Xcode 9.3";
			developmentRegion = en;
			hasScannedForEncodings = 0;
			knownRegions = (
				en,
				Base,
			);
			mainGroup = 9B03311F23C7C193006E3569;
			productRefGroup = 9B03312923C7C193006E3569 /* Products */;
			projectDirPath = "";
			projectRoot = "";
			targets = (
				9B03312723C7C193006E3569 /* Map Demo */,
				9B03313D23C7C193006E3569 /* Map DemoTests */,
				9B03314823C7C194006E3569 /* Map DemoUITests */,
			);
		};
/* End PBXProject section */

/* Begin PBXResourcesBuildPhase section */
		9B03312623C7C193006E3569 /* Resources */ = {
			isa = PBXResourcesBuildPhase;
			buildActionMask = 2147483647;
			files = (
				9B03313823C7C193006E3569 /* LaunchScreen.storyboard in Resources */,
				9B03313523C7C193006E3569 /* Assets.xcassets in Resources */,
				9B03313323C7C193006E3569 /* Main.storyboard in Resources */,
			);
			runOnlyForDeploymentPostprocessing = 0;
		};
		9B03313C23C7C193006E3569 /* Resources */ = {
			isa = PBXResourcesBuildPhase;
			buildActionMask = 2147483647;
			files = (
			);
			runOnlyForDeploymentPostprocessing = 0;
		};
		9B03314723C7C194006E3569 /* Resources */ = {
			isa = PBXResourcesBuildPhase;
			buildActionMask = 2147483647;
			files = (
			);
			runOnlyForDeploymentPostprocessing = 0;
		};
/* End PBXResourcesBuildPhase section */

/* Begin PBXSourcesBuildPhase section */
		9B03312423C7C193006E3569 /* Sources */ = {
			isa = PBXSourcesBuildPhase;
			buildActionMask = 2147483647;
			files = (
				9B03313023C7C193006E3569 /* ViewController.swift in Sources */,
				9B03312C23C7C193006E3569 /* AppDelegate.swift in Sources */,
				9B03312E23C7C193006E3569 /* SceneDelegate.swift in Sources */,
			);
			runOnlyForDeploymentPostprocessing = 0;
		};
		9B03313A23C7C193006E3569 /* Sources */ = {
			isa = PBXSourcesBuildPhase;
			buildActionMask = 2147483647;
			files = (
				9B03314323C7C193006E3569 /* Map_DemoTests.swift in Sources */,
			);
			runOnlyForDeploymentPostprocessing = 0;
		};
		9B03314523C7C194006E3569 /* Sources */ = {
			isa = PBXSourcesBuildPhase;
			buildActionMask = 2147483647;
			files = (
				9B03314E23C7C194006E3569 /* Map_DemoUITests.swift in Sources */,
			);
			runOnlyForDeploymentPostprocessing = 0;
		};
/* End PBXSourcesBuildPhase section */

/* Begin PBXTargetDependency section */
		9B03314023C7C193006E3569 /* PBXTargetDependency */ = {
			isa = PBXTargetDependency;
			target = 9B03312723C7C193006E3569 /* Map Demo */;
			targetProxy = 9B03313F23C7C193006E3569 /* PBXContainerItemProxy */;
		};
		9B03314B23C7C194006E3569 /* PBXTargetDependency */ = {
			isa = PBXTargetDependency;
			target = 9B03312723C7C193006E3569 /* Map Demo */;
			targetProxy = 9B03314A23C7C194006E3569 /* PBXContainerItemProxy */;
		};
/* End PBXTargetDependency section */

/* Begin PBXVariantGroup section */
		9B03313123C7C193006E3569 /* Main.storyboard */ = {
			isa = PBXVariantGroup;
			children = (
				9B03313223C7C193006E3569 /* Base */,
			);
			name = Main.storyboard;
			sourceTree = "<group>";
		};
		9B03313623C7C193006E3569 /* LaunchScreen.storyboard */ = {
			isa = PBXVariantGroup;
			children = (
				9B03313723C7C193006E3569 /* Base */,
			);
			name = LaunchScreen.storyboard;
			sourceTree = "<group>";
		};
/* End PBXVariantGroup section */

/* Begin XCBuildConfiguration section */
		9B03315023C7C194006E3569 /* Debug */ = {
			isa = XCBuildConfiguration;
			buildSettings = {
				ALWAYS_SEARCH_USER_PATHS = NO;
				CLANG_ANALYZER_NONNULL = YES;
				CLANG_ANALYZER_NUMBER_OBJECT_CONVERSION = YES_AGGRESSIVE;
				CLANG_CXX_LANGUAGE_STANDARD = "gnu++14";
				CLANG_CXX_LIBRARY = "libc++";
				CLANG_ENABLE_MODULES = YES;
				CLANG_ENABLE_OBJC_ARC = YES;
				CLANG_ENABLE_OBJC_WEAK = YES;
				CLANG_WARN_BLOCK_CAPTURE_AUTORELEASING = YES;
				CLANG_WARN_BOOL_CONVERSION = YES;
				CLANG_WARN_COMMA = YES;
				CLANG_WARN_CONSTANT_CONVERSION = YES;
				CLANG_WARN_DEPRECATED_OBJC_IMPLEMENTATIONS = YES;
				CLANG_WARN_DIRECT_OBJC_ISA_USAGE = YES_ERROR;
				CLANG_WARN_DOCUMENTATION_COMMENTS = YES;
				CLANG_WARN_EMPTY_BODY = YES;
				CLANG_WARN_ENUM_CONVERSION = YES;
				CLANG_WARN_INFINITE_RECURSION = YES;
				CLANG_WARN_INT_CONVERSION = YES;
				CLANG_WARN_NON_LITERAL_NULL_CONVERSION = YES;
				CLANG_WARN_OBJC_IMPLICIT_RETAIN_SELF = YES;
				CLANG_WARN_OBJC_LITERAL_CONVERSION = YES;
				CLANG_WARN_OBJC_ROOT_CLASS = YES_ERROR;
				CLANG_WARN_RANGE_LOOP_ANALYSIS = YES;
				CLANG_WARN_STRICT_PROTOTYPES = YES;
				CLANG_WARN_SUSPICIOUS_MOVE = YES;
				CLANG_WARN_UNGUARDED_AVAILABILITY = YES_AGGRESSIVE;
				CLANG_WARN_UNREACHABLE_CODE = YES;
				CLANG_WARN__DUPLICATE_METHOD_MATCH = YES;
				COPY_PHASE_STRIP = NO;
				DEBUG_INFORMATION_FORMAT = dwarf;
				ENABLE_STRICT_OBJC_MSGSEND = YES;
				ENABLE_TESTABILITY = YES;
				GCC_C_LANGUAGE_STANDARD = gnu11;
				GCC_DYNAMIC_NO_PIC = NO;
				GCC_NO_COMMON_BLOCKS = YES;
				GCC_OPTIMIZATION_LEVEL = 0;
				GCC_PREPROCESSOR_DEFINITIONS = (
					"DEBUG=1",
					"$(inherited)",
				);
				GCC_WARN_64_TO_32_BIT_CONVERSION = YES;
				GCC_WARN_ABOUT_RETURN_TYPE = YES_ERROR;
				GCC_WARN_UNDECLARED_SELECTOR = YES;
				GCC_WARN_UNINITIALIZED_AUTOS = YES_AGGRESSIVE;
				GCC_WARN_UNUSED_FUNCTION = YES;
				GCC_WARN_UNUSED_VARIABLE = YES;
				IPHONEOS_DEPLOYMENT_TARGET = 13.2;
				MTL_ENABLE_DEBUG_INFO = INCLUDE_SOURCE;
				MTL_FAST_MATH = YES;
				ONLY_ACTIVE_ARCH = YES;
				SDKROOT = iphoneos;
				SWIFT_ACTIVE_COMPILATION_CONDITIONS = DEBUG;
				SWIFT_OPTIMIZATION_LEVEL = "-Onone";
			};
			name = Debug;
		};
		9B03315123C7C194006E3569 /* Release */ = {
			isa = XCBuildConfiguration;
			buildSettings = {
				ALWAYS_SEARCH_USER_PATHS = NO;
				CLANG_ANALYZER_NONNULL = YES;
				CLANG_ANALYZER_NUMBER_OBJECT_CONVERSION = YES_AGGRESSIVE;
				CLANG_CXX_LANGUAGE_STANDARD = "gnu++14";
				CLANG_CXX_LIBRARY = "libc++";
				CLANG_ENABLE_MODULES = YES;
				CLANG_ENABLE_OBJC_ARC = YES;
				CLANG_ENABLE_OBJC_WEAK = YES;
				CLANG_WARN_BLOCK_CAPTURE_AUTORELEASING = YES;
				CLANG_WARN_BOOL_CONVERSION = YES;
				CLANG_WARN_COMMA = YES;
				CLANG_WARN_CONSTANT_CONVERSION = YES;
				CLANG_WARN_DEPRECATED_OBJC_IMPLEMENTATIONS = YES;
				CLANG_WARN_DIRECT_OBJC_ISA_USAGE = YES_ERROR;
				CLANG_WARN_DOCUMENTATION_COMMENTS = YES;
				CLANG_WARN_EMPTY_BODY = YES;
				CLANG_WARN_ENUM_CONVERSION = YES;
				CLANG_WARN_INFINITE_RECURSION = YES;
				CLANG_WARN_INT_CONVERSION = YES;
				CLANG_WARN_NON_LITERAL_NULL_CONVERSION = YES;
				CLANG_WARN_OBJC_IMPLICIT_RETAIN_SELF = YES;
				CLANG_WARN_OBJC_LITERAL_CONVERSION = YES;
				CLANG_WARN_OBJC_ROOT_CLASS = YES_ERROR;
				CLANG_WARN_RANGE_LOOP_ANALYSIS = YES;
				CLANG_WARN_STRICT_PROTOTYPES = YES;
				CLANG_WARN_SUSPICIOUS_MOVE = YES;
				CLANG_WARN_UNGUARDED_AVAILABILITY = YES_AGGRESSIVE;
				CLANG_WARN_UNREACHABLE_CODE = YES;
				CLANG_WARN__DUPLICATE_METHOD_MATCH = YES;
				COPY_PHASE_STRIP = NO;
				DEBUG_INFORMATION_FORMAT = "dwarf-with-dsym";
				ENABLE_NS_ASSERTIONS = NO;
				ENABLE_STRICT_OBJC_MSGSEND = YES;
				GCC_C_LANGUAGE_STANDARD = gnu11;
				GCC_NO_COMMON_BLOCKS = YES;
				GCC_WARN_64_TO_32_BIT_CONVERSION = YES;
				GCC_WARN_ABOUT_RETURN_TYPE = YES_ERROR;
				GCC_WARN_UNDECLARED_SELECTOR = YES;
				GCC_WARN_UNINITIALIZED_AUTOS = YES_AGGRESSIVE;
				GCC_WARN_UNUSED_FUNCTION = YES;
				GCC_WARN_UNUSED_VARIABLE = YES;
				IPHONEOS_DEPLOYMENT_TARGET = 13.2;
				MTL_ENABLE_DEBUG_INFO = NO;
				MTL_FAST_MATH = YES;
				SDKROOT = iphoneos;
				SWIFT_COMPILATION_MODE = wholemodule;
				SWIFT_OPTIMIZATION_LEVEL = "-O";
				VALIDATE_PRODUCT = YES;
			};
			name = Release;
		};
		9B03315323C7C194006E3569 /* Debug */ = {
			isa = XCBuildConfiguration;
			buildSettings = {
				ASSETCATALOG_COMPILER_APPICON_NAME = AppIcon;
				CODE_SIGN_STYLE = Automatic;
				INFOPLIST_FILE = "Map Demo/Info.plist";
				LD_RUNPATH_SEARCH_PATHS = (
					"$(inherited)",
					"@executable_path/Frameworks",
				);
				PRODUCT_BUNDLE_IDENTIFIER = "CestarCollege.Map-Demo";
				PRODUCT_NAME = "$(TARGET_NAME)";
				SWIFT_VERSION = 5.0;
				TARGETED_DEVICE_FAMILY = "1,2";
			};
			name = Debug;
		};
		9B03315423C7C194006E3569 /* Release */ = {
			isa = XCBuildConfiguration;
			buildSettings = {
				ASSETCATALOG_COMPILER_APPICON_NAME = AppIcon;
				CODE_SIGN_STYLE = Automatic;
				INFOPLIST_FILE = "Map Demo/Info.plist";
				LD_RUNPATH_SEARCH_PATHS = (
					"$(inherited)",
					"@executable_path/Frameworks",
				);
				PRODUCT_BUNDLE_IDENTIFIER = "CestarCollege.Map-Demo";
				PRODUCT_NAME = "$(TARGET_NAME)";
				SWIFT_VERSION = 5.0;
				TARGETED_DEVICE_FAMILY = "1,2";
			};
			name = Release;
		};
		9B03315623C7C194006E3569 /* Debug */ = {
			isa = XCBuildConfiguration;
			buildSettings = {
				ALWAYS_EMBED_SWIFT_STANDARD_LIBRARIES = YES;
				BUNDLE_LOADER = "$(TEST_HOST)";
				CODE_SIGN_STYLE = Automatic;
				INFOPLIST_FILE = "Map DemoTests/Info.plist";
				IPHONEOS_DEPLOYMENT_TARGET = 13.2;
				LD_RUNPATH_SEARCH_PATHS = (
					"$(inherited)",
					"@executable_path/Frameworks",
					"@loader_path/Frameworks",
				);
				PRODUCT_BUNDLE_IDENTIFIER = "CestarCollege.Map-DemoTests";
				PRODUCT_NAME = "$(TARGET_NAME)";
				SWIFT_VERSION = 5.0;
				TARGETED_DEVICE_FAMILY = "1,2";
				TEST_HOST = "$(BUILT_PRODUCTS_DIR)/Map Demo.app/Map Demo";
			};
			name = Debug;
		};
		9B03315723C7C194006E3569 /* Release */ = {
			isa = XCBuildConfiguration;
			buildSettings = {
				ALWAYS_EMBED_SWIFT_STANDARD_LIBRARIES = YES;
				BUNDLE_LOADER = "$(TEST_HOST)";
				CODE_SIGN_STYLE = Automatic;
				INFOPLIST_FILE = "Map DemoTests/Info.plist";
				IPHONEOS_DEPLOYMENT_TARGET = 13.2;
				LD_RUNPATH_SEARCH_PATHS = (
					"$(inherited)",
					"@executable_path/Frameworks",
					"@loader_path/Frameworks",
				);
				PRODUCT_BUNDLE_IDENTIFIER = "CestarCollege.Map-DemoTests";
				PRODUCT_NAME = "$(TARGET_NAME)";
				SWIFT_VERSION = 5.0;
				TARGETED_DEVICE_FAMILY = "1,2";
				TEST_HOST = "$(BUILT_PRODUCTS_DIR)/Map Demo.app/Map Demo";
			};
			name = Release;
		};
		9B03315923C7C194006E3569 /* Debug */ = {
			isa = XCBuildConfiguration;
			buildSettings = {
				ALWAYS_EMBED_SWIFT_STANDARD_LIBRARIES = YES;
				CODE_SIGN_STYLE = Automatic;
				INFOPLIST_FILE = "Map DemoUITests/Info.plist";
				LD_RUNPATH_SEARCH_PATHS = (
					"$(inherited)",
					"@executable_path/Frameworks",
					"@loader_path/Frameworks",
				);
				PRODUCT_BUNDLE_IDENTIFIER = "CestarCollege.Map-DemoUITests";
				PRODUCT_NAME = "$(TARGET_NAME)";
				SWIFT_VERSION = 5.0;
				TARGETED_DEVICE_FAMILY = "1,2";
				TEST_TARGET_NAME = "Map Demo";
			};
			name = Debug;
		};
		9B03315A23C7C194006E3569 /* Release */ = {
			isa = XCBuildConfiguration;
			buildSettings = {
				ALWAYS_EMBED_SWIFT_STANDARD_LIBRARIES = YES;
				CODE_SIGN_STYLE = Automatic;
				INFOPLIST_FILE = "Map DemoUITests/Info.plist";
				LD_RUNPATH_SEARCH_PATHS = (
					"$(inherited)",
					"@executable_path/Frameworks",
					"@loader_path/Frameworks",
				);
				PRODUCT_BUNDLE_IDENTIFIER = "CestarCollege.Map-DemoUITests";
				PRODUCT_NAME = "$(TARGET_NAME)";
				SWIFT_VERSION = 5.0;
				TARGETED_DEVICE_FAMILY = "1,2";
				TEST_TARGET_NAME = "Map Demo";
			};
			name = Release;
		};
/* End XCBuildConfiguration section */

/* Begin XCConfigurationList section */
		9B03312323C7C193006E3569 /* Build configuration list for PBXProject "Map Demo" */ = {
			isa = XCConfigurationList;
			buildConfigurations = (
				9B03315023C7C194006E3569 /* Debug */,
				9B03315123C7C194006E3569 /* Release */,
			);
			defaultConfigurationIsVisible = 0;
			defaultConfigurationName = Release;
		};
		9B03315223C7C194006E3569 /* Build configuration list for PBXNativeTarget "Map Demo" */ = {
			isa = XCConfigurationList;
			buildConfigurations = (
				9B03315323C7C194006E3569 /* Debug */,
				9B03315423C7C194006E3569 /* Release */,
			);
			defaultConfigurationIsVisible = 0;
			defaultConfigurationName = Release;
		};
		9B03315523C7C194006E3569 /* Build configuration list for PBXNativeTarget "Map DemoTests" */ = {
			isa = XCConfigurationList;
			buildConfigurations = (
				9B03315623C7C194006E3569 /* Debug */,
				9B03315723C7C194006E3569 /* Release */,
			);
			defaultConfigurationIsVisible = 0;
			defaultConfigurationName = Release;
		};
		9B03315823C7C194006E3569 /* Build configuration list for PBXNativeTarget "Map DemoUITests" */ = {
			isa = XCConfigurationList;
			buildConfigurations = (
				9B03315923C7C194006E3569 /* Debug */,
				9B03315A23C7C194006E3569 /* Release */,
			);
			defaultConfigurationIsVisible = 0;
			defaultConfigurationName = Release;
		};
/* End XCConfigurationList section */
	};
	rootObject = 9B03312023C7C193006E3569 /* Project object */;
}
